
Microsoft Visual Studio Solution File, Format Version 12.00
# Visual Studio Version 17
VisualStudioVersion = 17.4.33110.190
MinimumVisualStudioVersion = 10.0.40219.1
Project("{888888A0-9F3D-457C-B088-3A5042F75D52}") = "Registration7", "Registration7\Registration7.pyproj", "{1CE8EFA7-C01D-4226-8766-6EEA09EDFA74}"
EndProject
Global
	GlobalSection(SolutionConfigurationPlatforms) = preSolution
		Debug|Any CPU = Debug|Any CPU
		Release|Any CPU = Release|Any CPU
	EndGlobalSection
	GlobalSection(ProjectConfigurationPlatforms) = postSolution
		{1CE8EFA7-C01D-4226-8766-6EEA09EDFA74}.Debug|Any CPU.ActiveCfg = Debug|Any CPU
		{1CE8EFA7-C01D-4226-8766-6EEA09EDFA74}.Release|Any CPU.ActiveCfg = Release|Any CPU
	EndGlobalSection
	GlobalSection(SolutionProperties) = preSolution
		HideSolutionNode = FALSE
	EndGlobalSection
	GlobalSection(ExtensibilityGlobals) = postSolution
		SolutionGuid = {59875645-AE43-4D46-AE68-FED9AB7E4CA5}
	EndGlobalSection
EndGlobal
